Console.WriteLine("Wpisz poniżej temperaturę w stopniach Celsjusza i zatwierdź przyciskiem ENTER:");


double cel = double.Parse(Console.ReadLine());

Console.WriteLine(" ");

double far = 1.8 * cel + 32; //1.8 * stopnie Celsjusza + 32.0

Console.Write("Odpowiedź to: ");                //czy ten wiersz
Console.Write(far);                             //i ten
Console.WriteLine(" stopni(e) Fahrenheita");    //i ten jeszcze można zapisać w jednym wierszu z console. write? w nawi
